// !$*UTF8*$!
{
	archiveVersion = 1;
	classes = {
	};
	objectVersion = 46;
	objects = {

/* Begin PBXBuildFile section */
		13F9A7E61EB30F1C006F79B4 /* main.m in Sources */ = {isa = PBXBuildFile; fileRef = 13F9A7E51EB30F1C006F79B4 /* main.m */; };
		13F9A7E91EB30F1C006F79B4 /* AppDelegate.m in Sources */ = {isa = PBXBuildFile; fileRef = 13F9A7E81EB30F1C006F79B4 /* AppDelegate.m */; };
		13F9A7F11EB30F1C006F79B4 /* Assets.xcassets in Resources */ = {isa = PBXBuildFile; fileRef = 13F9A7F01EB30F1C006F79B4 /* Assets.xcassets */; };
		13F9A7F41EB30F1C006F79B4 /* LaunchScreen.storyboard in Resources */ = {isa = PBXBuildFile; fileRef = 13F9A7F21EB30F1C006F79B4 /* LaunchScreen.storyboard */; };
		13F9A7FE1EB30F35006F79B4 /* RootViewController.m in Sources */ = {isa = PBXBuildFile; fileRef = 13F9A7FC1EB30F35006F79B4 /* RootViewController.m */; };
		13F9A7FF1EB30F35006F79B4 /* RootViewController.xib in Resources */ = {isa = PBXBuildFile; fileRef = 13F9A7FD1EB30F35006F79B4 /* RootViewController.xib */; };
		13F9A8031EB30F97006F79B4 /* SecondViewController.m in Sources */ = {isa = PBXBuildFile; fileRef = 13F9A8011EB30F97006F79B4 /* SecondViewController.m */; };
		13F9A8041EB30F97006F79B4 /* SecondViewController.xib in Resources */ = {isa = PBXBuildFile; fileRef = 13F9A8021EB30F97006F79B4 /* SecondViewController.xib */; };
/* End PBXBuildFile section */

/* Begin PBXFileReference section */
		13F9A7E11EB30F1C006F79B4 /* ModalViewControllerTransitionDemo.app */ = {isa = PBXFileReference; explicitFileType = wrapper.application; includeInIndex = 0; path = ModalViewControllerTransitionDemo.app; sourceTree = BUILT_PRODUCTS_DIR; };
		13F9A7E51EB30F1C006F79B4 /* main.m */ = {isa = PBXFileReference; lastKnownFileType = sourcecode.c.objc; path = main.m; sourceTree = "<group>"; };
		13F9A7E71EB30F1C006F79B4 /* AppDelegate.h */ = {isa = PBXFileReference; lastKnownFileType = sourcecode.c.h; path = AppDelegate.h; sourceTree = "<group>"; };
		13F9A7E81EB30F1C006F79B4 /* AppDelegate.m */ = {isa = PBXFileReference; lastKnownFileType = sourcecode.c.objc; path = AppDelegate.m; sourceTree = "<group>"; };
		13F9A7F01EB30F1C006F79B4 /* Assets.xcassets */ = {isa = PBXFileReference; lastKnownFileType = folder.assetcatalog; path = Assets.xcassets; sourceTree = "<group>"; };
		13F9A7F31EB30F1C006F79B4 /* Base */ = {isa = PBXFileReference; lastKnownFileType = file.storyboard; name = Base; path = Base.lproj/LaunchScreen.storyboard; sourceTree = "<group>"; };
		13F9A7F51EB30F1C006F79B4 /* Info.plist */ = {isa = PBXFileReference; lastKnownFileType = text.plist.xml; path = Info.plist; sourceTree = "<group>"; };
		13F9A7FB1EB30F35006F79B4 /* RootViewController.h */ = {isa = PBXFileReference; fileEncoding = 4; lastKnownFileType = sourcecode.c.h; path = RootViewController.h; sourceTree = "<group>"; };
		13F9A7FC1EB30F35006F79B4 /* RootViewController.m */ = {isa = PBXFileReference; fileEncoding = 4; lastKnownFileType = sourcecode.c.objc; path = RootViewController.m; sourceTree = "<group>"; };
		13F9A7FD1EB30F35006F79B4 /* RootViewController.xib */ = {isa = PBXFileReference; fileEncoding = 4; lastKnownFileType = file.xib; path = RootViewController.xib; sourceTree = "<group>"; };
		13F9A8001EB30F97006F79B4 /* SecondViewController.h */ = {isa = PBXFileReference; fileEncoding = 4; lastKnownFileType = sourcecode.c.h; path = SecondViewController.h; sourceTree = "<group>"; };
		13F9A8011EB30F97006F79B4 /* SecondViewController.m */ = {isa = PBXFileReference; fileEncoding = 4; lastKnownFileType = sourcecode.c.objc; path = SecondViewController.m; sourceTree = "<group>"; };
		13F9A8021EB30F97006F79B4 /* SecondViewController.xib */ = {isa = PBXFileReference; fileEncoding = 4; lastKnownFileType = file.xib; path = SecondViewController.xib; sourceTree = "<group>"; };
/* End PBXFileReference section */

/* Begin PBXFrameworksBuildPhase section */
		13F9A7DE1EB30F1C006F79B4 /* Frameworks */ = {
			isa = PBXFrameworksBuildPhase;
			buildActionMask = 2147483647;
			files = (
			);
			runOnlyForDeploymentPostprocessing = 0;
		};
/* End PBXFrameworksBuildPhase section */

/* Begin PBXGroup section */
		13F9A7D81EB30F1C006F79B4 = {
			isa = PBXGroup;
			children = (
				13F9A7E31EB30F1C006F79B4 /* ModalViewControllerTransitionDemo */,
				13F9A7E21EB30F1C006F79B4 /* Products */,
			);
			sourceTree = "<group>";
		};
		13F9A7E21EB30F1C006F79B4 /* Products */ = {
			isa = PBXGroup;
			children = (
				13F9A7E11EB30F1C006F79B4 /* ModalViewControllerTransitionDemo.app */,
			);
			name = Products;
			sourceTree = "<group>";
		};
		13F9A7E31EB30F1C006F79B4 /* ModalViewControllerTransitionDemo */ = {
			isa = PBXGroup;
			children = (
				13F9A7E71EB30F1C006F79B4 /* AppDelegate.h */,
				13F9A7E81EB30F1C006F79B4 /* AppDelegate.m */,
				13F9A7FB1EB30F35006F79B4 /* RootViewController.h */,
				13F9A7FC1EB30F35006F79B4 /* RootViewController.m */,
				13F9A7FD1EB30F35006F79B4 /* RootViewController.xib */,
				13F9A8001EB30F97006F79B4 /* SecondViewController.h */,
				13F9A8011EB30F97006F79B4 /* SecondViewController.m */,
				13F9A8021EB30F97006F79B4 /* SecondViewController.xib */,
				13F9A7F01EB30F1C006F79B4 /* Assets.xcassets */,
				13F9A7F21EB30F1C006F79B4 /* LaunchScreen.storyboard */,
				13F9A7F51EB30F1C006F79B4 /* Info.plist */,
				13F9A7E41EB30F1C006F79B4 /* Supporting Files */,
			);
			path = ModalViewControllerTransitionDemo;
			sourceTree = "<group>";
		};
		13F9A7E41EB30F1C006F79B4 /* Supporting Files */ = {
			isa = PBXGroup;
			children = (
				13F9A7E51EB30F1C006F79B4 /* main.m */,
			);
			name = "Supporting Files";
			sourceTree = "<group>";
		};
/* End PBXGroup section */

/* Begin PBXNativeTarget section */
		13F9A7E01EB30F1C006F79B4 /* ModalViewControllerTransitionDemo */ = {
			isa = PBXNativeTarget;
			buildConfigurationList = 13F9A7F81EB30F1C006F79B4 /* Build configuration list for PBXNativeTarget "ModalViewControllerTransitionDemo" */;
			buildPhases = (
				13F9A7DD1EB30F1C006F79B4 /* Sources */,
				13F9A7DE1EB30F1C006F79B4 /* Frameworks */,
				13F9A7DF1EB30F1C006F79B4 /* Resources */,
			);
			buildRules = (
			);
			dependencies = (
			);
			name = ModalViewControllerTransitionDemo;
			productName = ModalViewControllerTransitionDemo;
			productReference = 13F9A7E11EB30F1C006F79B4 /* ModalViewControllerTransitionDemo.app */;
			productType = "com.apple.product-type.application";
		};
/* End PBXNativeTarget section */

/* Begin PBXProject section */
		13F9A7D91EB30F1C006F79B4 /* Project object */ = {
			isa = PBXProject;
			attributes = {
				LastUpgradeCheck = 0820;
				ORGANIZATIONNAME = GrayLeo;
				TargetAttributes = {
					13F9A7E01EB30F1C006F79B4 = {
						CreatedOnToolsVersion = 8.2.1;
						ProvisioningStyle = Automatic;
					};
				};
			};
			buildConfigurationList = 13F9A7DC1EB30F1C006F79B4 /* Build configuration list for PBXProject "ModalViewControllerTransitionDemo" */;
			compatibilityVersion = "Xcode 3.2";
			developmentRegion = English;
			hasScannedForEncodings = 0;
			knownRegions = (
				en,
				Base,
			);
			mainGroup = 13F9A7D81EB30F1C006F79B4;
			productRefGroup = 13F9A7E21EB30F1C006F79B4 /* Products */;
			projectDirPath = "";
			projectRoot = "";
			targets = (
				13F9A7E01EB30F1C006F79B4 /* ModalViewControllerTransitionDemo */,
			);
		};
/* End PBXProject section */

/* Begin PBXResourcesBuildPhase section */
		13F9A7DF1EB30F1C006F79B4 /* Resources */ = {
			isa = PBXResourcesBuildPhase;
			buildActionMask = 2147483647;
			files = (
				13F9A8041EB30F97006F79B4 /* SecondViewController.xib in Resources */,
				13F9A7F41EB30F1C006F79B4 /* LaunchScreen.storyboard in Resources */,
				13F9A7F11EB30F1C006F79B4 /* Assets.xcassets in Resources */,
				13F9A7FF1EB30F35006F79B4 /* RootViewController.xib in Resources */,
			);
			runOnlyForDeploymentPostprocessing = 0;
		};
/* End PBXResourcesBuildPhase section */

/* Begin PBXSourcesBuildPhase section */
		13F9A7DD1EB30F1C006F79B4 /* Sources */ = {
			isa = PBXSourcesBuildPhase;
			buildActionMask = 2147483647;
			files = (
				13F9A8031EB30F97006F79B4 /* SecondViewController.m in Sources */,
				13F9A7E91EB30F1C006F79B4 /* AppDelegate.m in Sources */,
				13F9A7E61EB30F1C006F79B4 /* main.m in Sources */,
				13F9A7FE1EB30F35006F79B4 /* RootViewController.m in Sources */,
			);
			runOnlyForDeploymentPostprocessing = 0;
		};
/* End PBXSourcesBuildPhase section */

/* Begin PBXVariantGroup section */
		13F9A7F21EB30F1C006F79B4 /* LaunchScreen.storyboard */ = {
			isa = PBXVariantGroup;
			children = (
				13F9A7F31EB30F1C006F79B4 /* Base */,
			);
			name = LaunchScreen.storyboard;
			sourceTree = "<group>";
		};
/* End PBXVariantGroup section */

/* Begin XCBuildConfiguration section */
		13F9A7F61EB30F1C006F79B4 /* Debug */ = {
			isa = XCBuildConfiguration;
			buildSettings = {
				ALWAYS_SEARCH_USER_PATHS = NO;
				CLANG_ANALYZER_NONNULL = YES;
				CLANG_CXX_LANGUAGE_STANDARD = "gnu++0x";
				CLANG_CXX_LIBRARY = "libc++";
				CLANG_ENABLE_MODULES = YES;
				CLANG_ENABLE_OBJC_ARC = YES;
				CLANG_WARN_BOOL_CONVERSION = YES;
				CLANG_WARN_CONSTANT_CONVERSION = YES;
				CLANG_WARN_DIRECT_OBJC_ISA_USAGE = YES_ERROR;
				CLANG_WARN_DOCUMENTATION_COMMENTS = YES;
				CLANG_WARN_EMPTY_BODY = YES;
				CLANG_WARN_ENUM_CONVERSION = YES;
				CLANG_WARN_INFINITE_RECURSION = YES;
				CLANG_WARN_INT_CONVERSION = YES;
				CLANG_WARN_OBJC_ROOT_CLASS = YES_ERROR;
				CLANG_WARN_SUSPICIOUS_MOVE = YES;
				CLANG_WARN_UNREACHABLE_CODE = YES;
				CLANG_WARN__DUPLICATE_METHOD_MATCH = YES;
				"CODE_SIGN_IDENTITY[sdk=iphoneos*]" = "iPhone Developer";
				COPY_PHASE_STRIP = NO;
				DEBUG_INFORMATION_FORMAT = dwarf;
				ENABLE_STRICT_OBJC_MSGSEND = YES;
				ENABLE_TESTABILITY = YES;
				GCC_C_LANGUAGE_STANDARD = gnu99;
				GCC_DYNAMIC_NO_PIC = NO;
				GCC_NO_COMMON_BLOCKS = YES;
				GCC_OPTIMIZATION_LEVEL = 0;
				GCC_PREPROCESSOR_DEFINITIONS = (
					"DEBUG=1",
					"$(inherited)",
				);
				GCC_WARN_64_TO_32_BIT_CONVERSION = YES;
				GCC_WARN_ABOUT_RETURN_TYPE = YES_ERROR;
				GCC_WARN_UNDECLARED_SELECTOR = YES;
				GCC_WARN_UNINITIALIZED_AUTOS = YES_AGGRESSIVE;
				GCC_WARN_UNUSED_FUNCTION = YES;
				GCC_WARN_UNUSED_VARIABLE = YES;
				IPHONEOS_DEPLOYMENT_TARGET = 10.2;
				MTL_ENABLE_DEBUG_INFO = YES;
				ONLY_ACTIVE_ARCH = YES;
				SDKROOT = iphoneos;
				TARGETED_DEVICE_FAMILY = "1,2";
			};
			name = Debug;
		};
		13F9A7F71EB30F1C006F79B4 /* Release */ = {
			isa = XCBuildConfiguration;
			buildSettings = {
				ALWAYS_SEARCH_USER_PATHS = NO;
				CLANG_ANALYZER_NONNULL = YES;
				CLANG_CXX_LANGUAGE_STANDARD = "gnu++0x";
				CLANG_CXX_LIBRARY = "libc++";
				CLANG_ENABLE_MODULES = YES;
				CLANG_ENABLE_OBJC_ARC = YES;
				CLANG_WARN_BOOL_CONVERSION = YES;
				CLANG_WARN_CONSTANT_CONVERSION = YES;
				CLANG_WARN_DIRECT_OBJC_ISA_USAGE = YES_ERROR;
				CLANG_WARN_DOCUMENTATION_COMMENTS = YES;
				CLANG_WARN_EMPTY_BODY = YES;
				CLANG_WARN_ENUM_CONVERSION = YES;
				CLANG_WARN_INFINITE_RECURSION = YES;
				CLANG_WARN_INT_CONVERSION = YES;
				CLANG_WARN_OBJC_ROOT_CLASS = YES_ERROR;
				CLANG_WARN_SUSPICIOUS_MOVE = YES;
				CLANG_WARN_UNREACHABLE_CODE = YES;
				CLANG_WARN__DUPLICATE_METHOD_MATCH = YES;
				"CODE_SIGN_IDENTITY[sdk=iphoneos*]" = "iPhone Developer";
				COPY_PHASE_STRIP = NO;
				DEBUG_INFORMATION_FORMAT = "dwarf-with-dsym";
				ENABLE_NS_ASSERTIONS = NO;
				ENABLE_STRICT_OBJC_MSGSEND = YES;
				GCC_C_LANGUAGE_STANDARD = gnu99;
				GCC_NO_COMMON_BLOCKS = YES;
				GCC_WARN_64_TO_32_BIT_CONVERSION = YES;
				GCC_WARN_ABOUT_RETURN_TYPE = YES_ERROR;
				GCC_WARN_UNDECLARED_SELECTOR = YES;
				GCC_WARN_UNINITIALIZED_AUTOS = YES_AGGRESSIVE;
				GCC_WARN_UNUSED_FUNCTION = YES;
				GCC_WARN_UNUSED_VARIABLE = YES;
				IPHONEOS_DEPLOYMENT_TARGET = 10.2;
				MTL_ENABLE_DEBUG_INFO = NO;
				SDKROOT = iphoneos;
				TARGETED_DEVICE_FAMILY = "1,2";
				VALIDATE_PRODUCT = YES;
			};
			name = Release;
		};
		13F9A7F91EB30F1C006F79B4 /* Debug */ = {
			isa = XCBuildConfiguration;
			buildSettings = {
				ASSETCATALOG_COMPILER_APPICON_NAME = AppIcon;
				INFOPLIST_FILE = ModalViewControllerTransitionDemo/Info.plist;
				LD_RUNPATH_SEARCH_PATHS = "$(inherited) @executable_path/Frameworks";
				PRODUCT_BUNDLE_IDENTIFIER = GrayLeo.ModalViewControllerTransitionDemo;
				PRODUCT_NAME = "$(TARGET_NAME)";
			};
			name = Debug;
		};
		13F9A7FA1EB30F1C006F79B4 /* Release */ = {
			isa = XCBuildConfiguration;
			buildSettings = {
				ASSETCATALOG_COMPILER_APPICON_NAME = AppIcon;
				INFOPLIST_FILE = ModalViewControllerTransitionDemo/Info.plist;
				LD_RUNPATH_SEARCH_PATHS = "$(inherited) @executable_path/Frameworks";
				PRODUCT_BUNDLE_IDENTIFIER = GrayLeo.ModalViewControllerTransitionDemo;
				PRODUCT_NAME = "$(TARGET_NAME)";
			};
			name = Release;
		};
/* End XCBuildConfiguration section */

/* Begin XCConfigurationList section */
		13F9A7DC1EB30F1C006F79B4 /* Build configuration list for PBXProject "ModalViewControllerTransitionDemo" */ = {
			isa = XCConfigurationList;
			buildConfigurations = (
				13F9A7F61EB30F1C006F79B4 /* Debug */,
				13F9A7F71EB30F1C006F79B4 /* Release */,
			);
			defaultConfigurationIsVisible = 0;
			defaultConfigurationName = Release;
		};
		13F9A7F81EB30F1C006F79B4 /* Build configuration list for PBXNativeTarget "ModalViewControllerTransitionDemo" */ = {
			isa = XCConfigurationList;
			buildConfigurations = (
				13F9A7F91EB30F1C006F79B4 /* Debug */,
				13F9A7FA1EB30F1C006F79B4 /* Release */,
			);
			defaultConfigurationIsVisible = 0;
		};
/* End XCConfigurationList section */
	};
	rootObject = 13F9A7D91EB30F1C006F79B4 /* Project object */;
}
